
Microsoft Visual Studio Solution File, Format Version 12.00
# Visual Studio Version 16
VisualStudioVersion = 16.0.30114.105
MinimumVisualStudioVersion = 10.0.40219.1
Project("{2150E333-8FDC-42A3-9474-1A3956D46DE8}") = "src", "src", "{AC5BCF86-2BF5-44B7-A95E-1AC715A903E1}"
EndProject
Project("{F2A71F9B-5D33-465A-A702-920D77279786}") = "Wasm", "src\Wasm\Wasm.fsproj", "{183F880C-2E9E-4B06-AA35-F7720983D65A}"
EndProject
Project("{2150E333-8FDC-42A3-9474-1A3956D46DE8}") = "test", "test", "{AF6FB953-5459-46F0-9419-9EAF9A7868DD}"
EndProject
Project("{F2A71F9B-5D33-465A-A702-920D77279786}") = "Wasm", "test\Wasm\Wasm.fsproj", "{F820E6CD-6325-4846-A4F8-9622186DE9ED}"
EndProject
Global
	GlobalSection(SolutionConfigurationPlatforms) = preSolution
		Debug|Any CPU = Debug|Any CPU
		Release|Any CPU = Release|Any CPU
	EndGlobalSection
	GlobalSection(SolutionProperties) = preSolution
		HideSolutionNode = FALSE
	EndGlobalSection
	GlobalSection(ProjectConfigurationPlatforms) = postSolution
		{183F880C-2E9E-4B06-AA35-F7720983D65A}.Debug|Any CPU.ActiveCfg = Debug|Any CPU
		{183F880C-2E9E-4B06-AA35-F7720983D65A}.Debug|Any CPU.Build.0 = Debug|Any CPU
		{183F880C-2E9E-4B06-AA35-F7720983D65A}.Release|Any CPU.ActiveCfg = Release|Any CPU
		{183F880C-2E9E-4B06-AA35-F7720983D65A}.Release|Any CPU.Build.0 = Release|Any CPU
		{F820E6CD-6325-4846-A4F8-9622186DE9ED}.Debug|Any CPU.ActiveCfg = Debug|Any CPU
		{F820E6CD-6325-4846-A4F8-9622186DE9ED}.Debug|Any CPU.Build.0 = Debug|Any CPU
		{F820E6CD-6325-4846-A4F8-9622186DE9ED}.Release|Any CPU.ActiveCfg = Release|Any CPU
		{F820E6CD-6325-4846-A4F8-9622186DE9ED}.Release|Any CPU.Build.0 = Release|Any CPU
	EndGlobalSection
	GlobalSection(NestedProjects) = preSolution
		{183F880C-2E9E-4B06-AA35-F7720983D65A} = {AC5BCF86-2BF5-44B7-A95E-1AC715A903E1}
		{F820E6CD-6325-4846-A4F8-9622186DE9ED} = {AF6FB953-5459-46F0-9419-9EAF9A7868DD}
	EndGlobalSection
EndGlobal
