
Microsoft Visual Studio Solution File, Format Version 12.00
# Visual Studio Version 16
VisualStudioVersion = 16.0.30114.105
MinimumVisualStudioVersion = 10.0.40219.1
Project("{F2A71F9B-5D33-465A-A702-920D77279786}") = "Waxt.Compiler.Test", "test\Waxt.Compiler.Test.fsproj", "{43C9A72C-940B-43D8-95B9-7740426A1257}"
EndProject
Project("{2150E333-8FDC-42A3-9474-1A3956D46DE8}") = "src", "src", "{86D32CCE-35A2-4362-9510-933A852B7633}"
EndProject
Project("{F2A71F9B-5D33-465A-A702-920D77279786}") = "Waxt.Location", "src\Waxt.Location\Waxt.Location.fsproj", "{D2ECE277-9F00-48BC-841F-6BE2087EB2E6}"
EndProject
Project("{F2A71F9B-5D33-465A-A702-920D77279786}") = "Waxt.Token", "src\Waxt.Token\Waxt.Token.fsproj", "{53808AC5-644D-446C-ACC9-1BB744C0CDAF}"
EndProject
Project("{F2A71F9B-5D33-465A-A702-920D77279786}") = "Waxt.Lexer", "src\Waxt.Lexer\Waxt.Lexer.fsproj", "{3702F038-A268-459C-AC0D-AC1527C13708}"
EndProject
Project("{F2A71F9B-5D33-465A-A702-920D77279786}") = "Waxt.UntypedAst", "src\Waxt.UntypedAst\Waxt.UntypedAst.fsproj", "{73BA79D3-3E7D-4861-884D-1BF0675BF861}"
EndProject
Project("{2150E333-8FDC-42A3-9474-1A3956D46DE8}") = "test", "test", "{D819DA91-02BD-4637-B5F3-CBB24D8C83DA}"
EndProject
Project("{F2A71F9B-5D33-465A-A702-920D77279786}") = "Waxt.Lexer.Test", "test\Waxt.Lexer.Test\Waxt.Lexer.Test.fsproj", "{659E5100-BE79-404F-832C-CC1157A40602}"
EndProject
Project("{F2A71F9B-5D33-465A-A702-920D77279786}") = "Waxt.Location.Test", "test\Waxt.Location.Test\Waxt.Location.Test.fsproj", "{760D0E6E-83E0-41BF-8166-8F03D6496F96}"
EndProject
Project("{F2A71F9B-5D33-465A-A702-920D77279786}") = "Waxt.Parser", "src\Waxt.Parser\Waxt.Parser.fsproj", "{64276549-3DAA-4855-990D-81B5E979B2FE}"
EndProject
Project("{F2A71F9B-5D33-465A-A702-920D77279786}") = "Waxt.Parser.Test", "test\Waxt.Parser.Test\Waxt.Parser.Test.fsproj", "{6B4562A5-48A1-4ED0-956E-EB846531F85F}"
EndProject
Project("{F2A71F9B-5D33-465A-A702-920D77279786}") = "Waxt.TypedAst", "src\Waxt.TypedAst\Waxt.TypedAst.fsproj", "{2445835D-9FA8-4736-9033-25BFABC5A263}"
EndProject
Project("{F2A71F9B-5D33-465A-A702-920D77279786}") = "Waxt.Type", "src\Waxt.Type\Waxt.Type.fsproj", "{6D70DA11-EB15-475C-80EF-3A6529E0FF31}"
EndProject
Project("{F2A71F9B-5D33-465A-A702-920D77279786}") = "Waxt.TypeChecker", "src\Waxt.TypeChecker\Waxt.TypeChecker.fsproj", "{2C018497-0EC8-48D2-97CC-7091AD6EE198}"
EndProject
Project("{F2A71F9B-5D33-465A-A702-920D77279786}") = "Waxt.Compiler", "src\Waxt.Compiler\Waxt.Compiler.fsproj", "{173EA9F9-26D2-457C-9F27-C99B3958051F}"
EndProject
Project("{F2A71F9B-5D33-465A-A702-920D77279786}") = "Waxt.Cli", "src\Waxt.Cli\Waxt.Cli.fsproj", "{50B21507-9503-411A-9A59-002CDAB66D15}"
EndProject
Global
	GlobalSection(SolutionConfigurationPlatforms) = preSolution
		Debug|Any CPU = Debug|Any CPU
		Release|Any CPU = Release|Any CPU
	EndGlobalSection
	GlobalSection(SolutionProperties) = preSolution
		HideSolutionNode = FALSE
	EndGlobalSection
	GlobalSection(ProjectConfigurationPlatforms) = postSolution
		{43C9A72C-940B-43D8-95B9-7740426A1257}.Debug|Any CPU.ActiveCfg = Debug|Any CPU
		{43C9A72C-940B-43D8-95B9-7740426A1257}.Debug|Any CPU.Build.0 = Debug|Any CPU
		{43C9A72C-940B-43D8-95B9-7740426A1257}.Release|Any CPU.ActiveCfg = Release|Any CPU
		{43C9A72C-940B-43D8-95B9-7740426A1257}.Release|Any CPU.Build.0 = Release|Any CPU
		{D2ECE277-9F00-48BC-841F-6BE2087EB2E6}.Debug|Any CPU.ActiveCfg = Debug|Any CPU
		{D2ECE277-9F00-48BC-841F-6BE2087EB2E6}.Debug|Any CPU.Build.0 = Debug|Any CPU
		{D2ECE277-9F00-48BC-841F-6BE2087EB2E6}.Release|Any CPU.ActiveCfg = Release|Any CPU
		{D2ECE277-9F00-48BC-841F-6BE2087EB2E6}.Release|Any CPU.Build.0 = Release|Any CPU
		{53808AC5-644D-446C-ACC9-1BB744C0CDAF}.Debug|Any CPU.ActiveCfg = Debug|Any CPU
		{53808AC5-644D-446C-ACC9-1BB744C0CDAF}.Debug|Any CPU.Build.0 = Debug|Any CPU
		{53808AC5-644D-446C-ACC9-1BB744C0CDAF}.Release|Any CPU.ActiveCfg = Release|Any CPU
		{53808AC5-644D-446C-ACC9-1BB744C0CDAF}.Release|Any CPU.Build.0 = Release|Any CPU
		{3702F038-A268-459C-AC0D-AC1527C13708}.Debug|Any CPU.ActiveCfg = Debug|Any CPU
		{3702F038-A268-459C-AC0D-AC1527C13708}.Debug|Any CPU.Build.0 = Debug|Any CPU
		{3702F038-A268-459C-AC0D-AC1527C13708}.Release|Any CPU.ActiveCfg = Release|Any CPU
		{3702F038-A268-459C-AC0D-AC1527C13708}.Release|Any CPU.Build.0 = Release|Any CPU
		{73BA79D3-3E7D-4861-884D-1BF0675BF861}.Debug|Any CPU.ActiveCfg = Debug|Any CPU
		{73BA79D3-3E7D-4861-884D-1BF0675BF861}.Debug|Any CPU.Build.0 = Debug|Any CPU
		{73BA79D3-3E7D-4861-884D-1BF0675BF861}.Release|Any CPU.ActiveCfg = Release|Any CPU
		{73BA79D3-3E7D-4861-884D-1BF0675BF861}.Release|Any CPU.Build.0 = Release|Any CPU
		{659E5100-BE79-404F-832C-CC1157A40602}.Debug|Any CPU.ActiveCfg = Debug|Any CPU
		{659E5100-BE79-404F-832C-CC1157A40602}.Debug|Any CPU.Build.0 = Debug|Any CPU
		{659E5100-BE79-404F-832C-CC1157A40602}.Release|Any CPU.ActiveCfg = Release|Any CPU
		{659E5100-BE79-404F-832C-CC1157A40602}.Release|Any CPU.Build.0 = Release|Any CPU
		{760D0E6E-83E0-41BF-8166-8F03D6496F96}.Debug|Any CPU.ActiveCfg = Debug|Any CPU
		{760D0E6E-83E0-41BF-8166-8F03D6496F96}.Debug|Any CPU.Build.0 = Debug|Any CPU
		{760D0E6E-83E0-41BF-8166-8F03D6496F96}.Release|Any CPU.ActiveCfg = Release|Any CPU
		{760D0E6E-83E0-41BF-8166-8F03D6496F96}.Release|Any CPU.Build.0 = Release|Any CPU
		{64276549-3DAA-4855-990D-81B5E979B2FE}.Debug|Any CPU.ActiveCfg = Debug|Any CPU
		{64276549-3DAA-4855-990D-81B5E979B2FE}.Debug|Any CPU.Build.0 = Debug|Any CPU
		{64276549-3DAA-4855-990D-81B5E979B2FE}.Release|Any CPU.ActiveCfg = Release|Any CPU
		{64276549-3DAA-4855-990D-81B5E979B2FE}.Release|Any CPU.Build.0 = Release|Any CPU
		{6B4562A5-48A1-4ED0-956E-EB846531F85F}.Debug|Any CPU.ActiveCfg = Debug|Any CPU
		{6B4562A5-48A1-4ED0-956E-EB846531F85F}.Debug|Any CPU.Build.0 = Debug|Any CPU
		{6B4562A5-48A1-4ED0-956E-EB846531F85F}.Release|Any CPU.ActiveCfg = Release|Any CPU
		{6B4562A5-48A1-4ED0-956E-EB846531F85F}.Release|Any CPU.Build.0 = Release|Any CPU
		{2445835D-9FA8-4736-9033-25BFABC5A263}.Debug|Any CPU.ActiveCfg = Debug|Any CPU
		{2445835D-9FA8-4736-9033-25BFABC5A263}.Debug|Any CPU.Build.0 = Debug|Any CPU
		{2445835D-9FA8-4736-9033-25BFABC5A263}.Release|Any CPU.ActiveCfg = Release|Any CPU
		{2445835D-9FA8-4736-9033-25BFABC5A263}.Release|Any CPU.Build.0 = Release|Any CPU
		{6D70DA11-EB15-475C-80EF-3A6529E0FF31}.Debug|Any CPU.ActiveCfg = Debug|Any CPU
		{6D70DA11-EB15-475C-80EF-3A6529E0FF31}.Debug|Any CPU.Build.0 = Debug|Any CPU
		{6D70DA11-EB15-475C-80EF-3A6529E0FF31}.Release|Any CPU.ActiveCfg = Release|Any CPU
		{6D70DA11-EB15-475C-80EF-3A6529E0FF31}.Release|Any CPU.Build.0 = Release|Any CPU
		{2C018497-0EC8-48D2-97CC-7091AD6EE198}.Debug|Any CPU.ActiveCfg = Debug|Any CPU
		{2C018497-0EC8-48D2-97CC-7091AD6EE198}.Debug|Any CPU.Build.0 = Debug|Any CPU
		{2C018497-0EC8-48D2-97CC-7091AD6EE198}.Release|Any CPU.ActiveCfg = Release|Any CPU
		{2C018497-0EC8-48D2-97CC-7091AD6EE198}.Release|Any CPU.Build.0 = Release|Any CPU
		{173EA9F9-26D2-457C-9F27-C99B3958051F}.Debug|Any CPU.ActiveCfg = Debug|Any CPU
		{173EA9F9-26D2-457C-9F27-C99B3958051F}.Debug|Any CPU.Build.0 = Debug|Any CPU
		{173EA9F9-26D2-457C-9F27-C99B3958051F}.Release|Any CPU.ActiveCfg = Release|Any CPU
		{173EA9F9-26D2-457C-9F27-C99B3958051F}.Release|Any CPU.Build.0 = Release|Any CPU
		{50B21507-9503-411A-9A59-002CDAB66D15}.Debug|Any CPU.ActiveCfg = Debug|Any CPU
		{50B21507-9503-411A-9A59-002CDAB66D15}.Debug|Any CPU.Build.0 = Debug|Any CPU
		{50B21507-9503-411A-9A59-002CDAB66D15}.Release|Any CPU.ActiveCfg = Release|Any CPU
		{50B21507-9503-411A-9A59-002CDAB66D15}.Release|Any CPU.Build.0 = Release|Any CPU
	EndGlobalSection
	GlobalSection(NestedProjects) = preSolution
		{D2ECE277-9F00-48BC-841F-6BE2087EB2E6} = {86D32CCE-35A2-4362-9510-933A852B7633}
		{53808AC5-644D-446C-ACC9-1BB744C0CDAF} = {86D32CCE-35A2-4362-9510-933A852B7633}
		{3702F038-A268-459C-AC0D-AC1527C13708} = {86D32CCE-35A2-4362-9510-933A852B7633}
		{73BA79D3-3E7D-4861-884D-1BF0675BF861} = {86D32CCE-35A2-4362-9510-933A852B7633}
		{659E5100-BE79-404F-832C-CC1157A40602} = {D819DA91-02BD-4637-B5F3-CBB24D8C83DA}
		{760D0E6E-83E0-41BF-8166-8F03D6496F96} = {D819DA91-02BD-4637-B5F3-CBB24D8C83DA}
		{64276549-3DAA-4855-990D-81B5E979B2FE} = {86D32CCE-35A2-4362-9510-933A852B7633}
		{6B4562A5-48A1-4ED0-956E-EB846531F85F} = {D819DA91-02BD-4637-B5F3-CBB24D8C83DA}
		{2445835D-9FA8-4736-9033-25BFABC5A263} = {86D32CCE-35A2-4362-9510-933A852B7633}
		{6D70DA11-EB15-475C-80EF-3A6529E0FF31} = {86D32CCE-35A2-4362-9510-933A852B7633}
		{2C018497-0EC8-48D2-97CC-7091AD6EE198} = {86D32CCE-35A2-4362-9510-933A852B7633}
		{173EA9F9-26D2-457C-9F27-C99B3958051F} = {86D32CCE-35A2-4362-9510-933A852B7633}
		{50B21507-9503-411A-9A59-002CDAB66D15} = {86D32CCE-35A2-4362-9510-933A852B7633}
	EndGlobalSection
EndGlobal
